Microsoft Visual Studio Solution File, Format Version 12.00
# Visual Studio Version 17
VisualStudioVersion = 17.5.2.0
MinimumVisualStudioVersion = 10.0.40219.1
Project("{FAE04EC0-301F-11D3-BF4B-00C04F79EFBC}") = "3_CouchClient", "3_CouchClient\3_CouchClient.csproj", "{BA8269C0-0914-DF73-1F0C-B9F66824DAB2}"
EndProject
Global
	GlobalSection(SolutionConfigurationPlatforms) = preSolution
		Debug|Any CPU = Debug|Any CPU
		Release|Any CPU = Release|Any CPU
	EndGlobalSection
	GlobalSection(ProjectConfigurationPlatforms) = postSolution
		{BA8269C0-0914-DF73-1F0C-B9F66824DAB2}.Debug|Any CPU.ActiveCfg = Debug|Any CPU
		{BA8269C0-0914-DF73-1F0C-B9F66824DAB2}.Debug|Any CPU.Build.0 = Debug|Any CPU
		{BA8269C0-0914-DF73-1F0C-B9F66824DAB2}.Release|Any CPU.ActiveCfg = Release|Any CPU
		{BA8269C0-0914-DF73-1F0C-B9F66824DAB2}.Release|Any CPU.Build.0 = Release|Any CPU
	EndGlobalSection
	GlobalSection(SolutionProperties) = preSolution
		HideSolutionNode = FALSE
	EndGlobalSection
	GlobalSection(ExtensibilityGlobals) = postSolution
		SolutionGuid = {B0F2BD36-65D0-475D-BBAF-E0AAC8399E5D}
	EndGlobalSection
EndGlobal
